
Microsoft Visual Studio Solution File, Format Version 12.00
# Visual Studio 2013
VisualStudioVersion = 12.0.31101.0
MinimumVisualStudioVersion = 10.0.40219.1
Project("{FAE04EC0-301F-11D3-BF4B-00C04F79EFBC}") = "WebApplication", "WebApplication\WebApplication.csproj", "{30CE11B1-B475-4E96-9709-EA8EE4C6758C}"
EndProject
Project("{FAE04EC0-301F-11D3-BF4B-00C04F79EFBC}") = "Resources", "Resources\Resources.csproj", "{B0346C23-808C-4DA3-907E-0077F34303AF}"
EndProject
Global
	GlobalSection(SolutionConfigurationPlatforms) = preSolution
		Debug|Any CPU = Debug|Any CPU
		Release|Any CPU = Release|Any CPU
	EndGlobalSection
	GlobalSection(ProjectConfigurationPlatforms) = postSolution
		{30CE11B1-B475-4E96-9709-EA8EE4C6758C}.Debug|Any CPU.ActiveCfg = Debug|Any CPU
		{30CE11B1-B475-4E96-9709-EA8EE4C6758C}.Debug|Any CPU.Build.0 = Debug|Any CPU
		{30CE11B1-B475-4E96-9709-EA8EE4C6758C}.Release|Any CPU.ActiveCfg = Release|Any CPU
		{30CE11B1-B475-4E96-9709-EA8EE4C6758C}.Release|Any CPU.Build.0 = Release|Any CPU
		{B0346C23-808C-4DA3-907E-0077F34303AF}.Debug|Any CPU.ActiveCfg = Debug|Any CPU
		{B0346C23-808C-4DA3-907E-0077F34303AF}.Debug|Any CPU.Build.0 = Debug|Any CPU
		{B0346C23-808C-4DA3-907E-0077F34303AF}.Release|Any CPU.ActiveCfg = Release|Any CPU
		{B0346C23-808C-4DA3-907E-0077F34303AF}.Release|Any CPU.Build.0 = Release|Any CPU
	EndGlobalSection
	GlobalSection(SolutionProperties) = preSolution
		HideSolutionNode = FALSE
	EndGlobalSection
EndGlobal
